// !$*UTF8*$!
{
	archiveVersion = 1;
	classes = {
	};
	objectVersion = 46;
	objects = {

/* Begin PBXBuildFile section */
		49BC2AFA18EA07C50033C043 /* Foundation.framework in Frameworks */ = {isa = PBXBuildFile; fileRef = 49BC2AF918EA07C50033C043 /* Foundation.framework */; };
		49BC2AFC18EA07C50033C043 /* CoreGraphics.framework in Frameworks */ = {isa = PBXBuildFile; fileRef = 49BC2AFB18EA07C50033C043 /* CoreGraphics.framework */; };
		49BC2AFE18EA07C50033C043 /* UIKit.framework in Frameworks */ = {isa = PBXBuildFile; fileRef = 49BC2AFD18EA07C50033C043 /* UIKit.framework */; };
		49BC2B0418EA07C50033C043 /* InfoPlist.strings in Resources */ = {isa = PBXBuildFile; fileRef = 49BC2B0218EA07C50033C043 /* InfoPlist.strings */; };
		49BC2B0618EA07C50033C043 /* main.m in Sources */ = {isa = PBXBuildFile; fileRef = 49BC2B0518EA07C50033C043 /* main.m */; };
		49BC2B0A18EA07C50033C043 /* AWSAppDelegate.m in Sources */ = {isa = PBXBuildFile; fileRef = 49BC2B0918EA07C50033C043 /* AWSAppDelegate.m */; };
		49BC2B0D18EA07C50033C043 /* Main.storyboard in Resources */ = {isa = PBXBuildFile; fileRef = 49BC2B0B18EA07C50033C043 /* Main.storyboard */; };
		49BC2B1018EA07C50033C043 /* AWSMainViewController.m in Sources */ = {isa = PBXBuildFile; fileRef = 49BC2B0F18EA07C50033C043 /* AWSMainViewController.m */; };
		49BC2B1318EA07C50033C043 /* AWSFlipsideViewController.m in Sources */ = {isa = PBXBuildFile; fileRef = 49BC2B1218EA07C50033C043 /* AWSFlipsideViewController.m */; };
		49BC2B1518EA07C50033C043 /* Images.xcassets in Resources */ = {isa = PBXBuildFile; fileRef = 49BC2B1418EA07C50033C043 /* Images.xcassets */; };
		49BC2B1C18EA07C50033C043 /* XCTest.framework in Frameworks */ = {isa = PBXBuildFile; fileRef = 49BC2B1B18EA07C50033C043 /* XCTest.framework */; };
		49BC2B1D18EA07C50033C043 /* Foundation.framework in Frameworks */ = {isa = PBXBuildFile; fileRef = 49BC2AF918EA07C50033C043 /* Foundation.framework */; };
		49BC2B1E18EA07C50033C043 /* UIKit.framework in Frameworks */ = {isa = PBXBuildFile; fileRef = 49BC2AFD18EA07C50033C043 /* UIKit.framework */; };
		49BC2B2618EA07C50033C043 /* InfoPlist.strings in Resources */ = {isa = PBXBuildFile; fileRef = 49BC2B2418EA07C50033C043 /* InfoPlist.strings */; };
		49BC2B2818EA07C50033C043 /* RunTrack_Tests.m in Sources */ = {isa = PBXBuildFile; fileRef = 49BC2B2718EA07C50033C043 /* RunTrack_Tests.m */; };
		49E6A8A118F0885800F8DB92 /* AWSSettingsView.m in Sources */ = {isa = PBXBuildFile; fileRef = 49E6A8A018F0885800F8DB92 /* AWSSettingsView.m */; };
		49E6A8A418F0896300F8DB92 /* AWSWeightSettingsView.m in Sources */ = {isa = PBXBuildFile; fileRef = 49E6A8A318F0896300F8DB92 /* AWSWeightSettingsView.m */; };
		49E6A8A718F0897500F8DB92 /* AWSNewDistanceWorkoutView.m in Sources */ = {isa = PBXBuildFile; fileRef = 49E6A8A618F0897500F8DB92 /* AWSNewDistanceWorkoutView.m */; };
		49E6A8AA18F0898300F8DB92 /* AWSNewTimeWorkoutView.m in Sources */ = {isa = PBXBuildFile; fileRef = 49E6A8A918F0898300F8DB92 /* AWSNewTimeWorkoutView.m */; };
		49E6A8AD18F0899F00F8DB92 /* AWSNewCalorieWorkoutView.m in Sources */ = {isa = PBXBuildFile; fileRef = 49E6A8AC18F0899F00F8DB92 /* AWSNewCalorieWorkoutView.m */; };
		49E6A8B018F089AC00F8DB92 /* AWSNewFreeWorkoutView.m in Sources */ = {isa = PBXBuildFile; fileRef = 49E6A8AF18F089AC00F8DB92 /* AWSNewFreeWorkoutView.m */; };
		49E6A8B318F089BA00F8DB92 /* AWSWorkoutView.m in Sources */ = {isa = PBXBuildFile; fileRef = 49E6A8B218F089BA00F8DB92 /* AWSWorkoutView.m */; };
		49E6A8B618F089C600F8DB92 /* AWSFreeWorkoutView.m in Sources */ = {isa = PBXBuildFile; fileRef = 49E6A8B518F089C600F8DB92 /* AWSFreeWorkoutView.m */; };
		49F61C6118EF445A0077E70F /* AWSVariables.m in Sources */ = {isa = PBXBuildFile; fileRef = 49F61C6018EF445A0077E70F /* AWSVariables.m */; };
/* End PBXBuildFile section */

/* Begin PBXContainerItemProxy section */
		49BC2B1F18EA07C50033C043 /* PBXContainerItemProxy */ = {
			isa = PBXContainerItemProxy;
			containerPortal = 49BC2AEE18EA07C40033C043 /* Project object */;
			proxyType = 1;
			remoteGlobalIDString = 49BC2AF518EA07C40033C043;
			remoteInfo = "RunTrack+";
		};
/* End PBXContainerItemProxy section */

/* Begin PBXFileReference section */
		49BC2AF618EA07C40033C043 /* RunTrack+.app */ = {isa = PBXFileReference; explicitFileType = wrapper.application; includeInIndex = 0; path = "RunTrack+.app"; sourceTree = BUILT_PRODUCTS_DIR; };
		49BC2AF918EA07C50033C043 /* Foundation.framework */ = {isa = PBXFileReference; lastKnownFileType = wrapper.framework; name = Foundation.framework; path = System/Library/Frameworks/Foundation.framework; sourceTree = SDKROOT; };
		49BC2AFB18EA07C50033C043 /* CoreGraphics.framework */ = {isa = PBXFileReference; lastKnownFileType = wrapper.framework; name = CoreGraphics.framework; path = System/Library/Frameworks/CoreGraphics.framework; sourceTree = SDKROOT; };
		49BC2AFD18EA07C50033C043 /* UIKit.framework */ = {isa = PBXFileReference; lastKnownFileType = wrapper.framework; name = UIKit.framework; path = System/Library/Frameworks/UIKit.framework; sourceTree = SDKROOT; };
		49BC2B0118EA07C50033C043 /* RunTrack+-Info.plist */ = {isa = PBXFileReference; lastKnownFileType = text.plist.xml; path = "RunTrack+-Info.plist"; sourceTree = "<group>"; };
		49BC2B0318EA07C50033C043 /* en */ = {isa = PBXFileReference; lastKnownFileType = text.plist.strings; name = en; path = en.lproj/InfoPlist.strings; sourceTree = "<group>"; };
		49BC2B0518EA07C50033C043 /* main.m */ = {isa = PBXFileReference; lastKnownFileType = sourcecode.c.objc; path = main.m; sourceTree = "<group>"; };
		49BC2B0718EA07C50033C043 /* RunTrack+-Prefix.pch */ = {isa = PBXFileReference; lastKnownFileType = sourcecode.c.h; path = "RunTrack+-Prefix.pch"; sourceTree = "<group>"; };
		49BC2B0818EA07C50033C043 /* AWSAppDelegate.h */ = {isa = PBXFileReference; lastKnownFileType = sourcecode.c.h; path = AWSAppDelegate.h; sourceTree = "<group>"; };
		49BC2B0918EA07C50033C043 /* AWSAppDelegate.m */ = {isa = PBXFileReference; lastKnownFileType = sourcecode.c.objc; path = AWSAppDelegate.m; sourceTree = "<group>"; };
		49BC2B0C18EA07C50033C043 /* Base */ = {isa = PBXFileReference; lastKnownFileType = file.storyboard; name = Base; path = Base.lproj/Main.storyboard; sourceTree = "<group>"; };
		49BC2B0E18EA07C50033C043 /* AWSMainViewController.h */ = {isa = PBXFileReference; lastKnownFileType = sourcecode.c.h; path = AWSMainViewController.h; sourceTree = "<group>"; };
		49BC2B0F18EA07C50033C043 /* AWSMainViewController.m */ = {isa = PBXFileReference; lastKnownFileType = sourcecode.c.objc; path = AWSMainViewController.m; sourceTree = "<group>"; };
		49BC2B1118EA07C50033C043 /* AWSFlipsideViewController.h */ = {isa = PBXFileReference; lastKnownFileType = sourcecode.c.h; path = AWSFlipsideViewController.h; sourceTree = "<group>"; };
		49BC2B1218EA07C50033C043 /* AWSFlipsideViewController.m */ = {isa = PBXFileReference; lastKnownFileType = sourcecode.c.objc; path = AWSFlipsideViewController.m; sourceTree = "<group>"; };
		49BC2B1418EA07C50033C043 /* Images.xcassets */ = {isa = PBXFileReference; lastKnownFileType = folder.assetcatalog; path = Images.xcassets; sourceTree = "<group>"; };
		49BC2B1A18EA07C50033C043 /* RunTrack+Tests.xctest */ = {isa = PBXFileReference; explicitFileType = wrapper.cfbundle; includeInIndex = 0; path = "RunTrack+Tests.xctest"; sourceTree = BUILT_PRODUCTS_DIR; };
		49BC2B1B18EA07C50033C043 /* XCTest.framework */ = {isa = PBXFileReference; lastKnownFileType = wrapper.framework; name = XCTest.framework; path = Library/Frameworks/XCTest.framework; sourceTree = DEVELOPER_DIR; };
		49BC2B2318EA07C50033C043 /* RunTrack+Tests-Info.plist */ = {isa = PBXFileReference; lastKnownFileType = text.plist.xml; path = "RunTrack+Tests-Info.plist"; sourceTree = "<group>"; };
		49BC2B2518EA07C50033C043 /* en */ = {isa = PBXFileReference; lastKnownFileType = text.plist.strings; name = en; path = en.lproj/InfoPlist.strings; sourceTree = "<group>"; };
		49BC2B2718EA07C50033C043 /* RunTrack_Tests.m */ = {isa = PBXFileReference; lastKnownFileType = sourcecode.c.objc; path = RunTrack_Tests.m; sourceTree = "<group>"; };
		49E6A89F18F0885800F8DB92 /* AWSSettingsView.h */ = {isa = PBXFileReference; fileEncoding = 4; lastKnownFileType = sourcecode.c.h; path = AWSSettingsView.h; sourceTree = "<group>"; };
		49E6A8A018F0885800F8DB92 /* AWSSettingsView.m */ = {isa = PBXFileReference; fileEncoding = 4; lastKnownFileType = sourcecode.c.objc; path = AWSSettingsView.m; sourceTree = "<group>"; };
		49E6A8A218F0896300F8DB92 /* AWSWeightSettingsView.h */ = {isa = PBXFileReference; fileEncoding = 4; lastKnownFileType = sourcecode.c.h; path = AWSWeightSettingsView.h; sourceTree = "<group>"; };
		49E6A8A318F0896300F8DB92 /* AWSWeightSettingsView.m */ = {isa = PBXFileReference; fileEncoding = 4; lastKnownFileType = sourcecode.c.objc; path = AWSWeightSettingsView.m; sourceTree = "<group>"; };
		49E6A8A518F0897500F8DB92 /* AWSNewDistanceWorkoutView.h */ = {isa = PBXFileReference; fileEncoding = 4; lastKnownFileType = sourcecode.c.h; path = AWSNewDistanceWorkoutView.h; sourceTree = "<group>"; };
		49E6A8A618F0897500F8DB92 /* AWSNewDistanceWorkoutView.m */ = {isa = PBXFileReference; fileEncoding = 4; lastKnownFileType = sourcecode.c.objc; path = AWSNewDistanceWorkoutView.m; sourceTree = "<group>"; };
		49E6A8A818F0898300F8DB92 /* AWSNewTimeWorkoutView.h */ = {isa = PBXFileReference; fileEncoding = 4; lastKnownFileType = sourcecode.c.h; path = AWSNewTimeWorkoutView.h; sourceTree = "<group>"; };
		49E6A8A918F0898300F8DB92 /* AWSNewTimeWorkoutView.m */ = {isa = PBXFileReference; fileEncoding = 4; lastKnownFileType = sourcecode.c.objc; path = AWSNewTimeWorkoutView.m; sourceTree = "<group>"; };
		49E6A8AB18F0899F00F8DB92 /* AWSNewCalorieWorkoutView.h */ = {isa = PBXFileReference; fileEncoding = 4; lastKnownFileType = sourcecode.c.h; path = AWSNewCalorieWorkoutView.h; sourceTree = "<group>"; };
		49E6A8AC18F0899F00F8DB92 /* AWSNewCalorieWorkoutView.m */ = {isa = PBXFileReference; fileEncoding = 4; lastKnownFileType = sourcecode.c.objc; path = AWSNewCalorieWorkoutView.m; sourceTree = "<group>"; };
		49E6A8AE18F089AC00F8DB92 /* AWSNewFreeWorkoutView.h */ = {isa = PBXFileReference; fileEncoding = 4; lastKnownFileType = sourcecode.c.h; path = AWSNewFreeWorkoutView.h; sourceTree = "<group>"; };
		49E6A8AF18F089AC00F8DB92 /* AWSNewFreeWorkoutView.m */ = {isa = PBXFileReference; fileEncoding = 4; lastKnownFileType = sourcecode.c.objc; path = AWSNewFreeWorkoutView.m; sourceTree = "<group>"; };
		49E6A8B118F089BA00F8DB92 /* AWSWorkoutView.h */ = {isa = PBXFileReference; fileEncoding = 4; lastKnownFileType = sourcecode.c.h; path = AWSWorkoutView.h; sourceTree = "<group>"; };
		49E6A8B218F089BA00F8DB92 /* AWSWorkoutView.m */ = {isa = PBXFileReference; fileEncoding = 4; lastKnownFileType = sourcecode.c.objc; path = AWSWorkoutView.m; sourceTree = "<group>"; };
		49E6A8B418F089C600F8DB92 /* AWSFreeWorkoutView.h */ = {isa = PBXFileReference; fileEncoding = 4; lastKnownFileType = sourcecode.c.h; path = AWSFreeWorkoutView.h; sourceTree = "<group>"; };
		49E6A8B518F089C600F8DB92 /* AWSFreeWorkoutView.m */ = {isa = PBXFileReference; fileEncoding = 4; lastKnownFileType = sourcecode.c.objc; path = AWSFreeWorkoutView.m; sourceTree = "<group>"; };
		49F61C5F18EF445A0077E70F /* AWSVariables.h */ = {isa = PBXFileReference; fileEncoding = 4; lastKnownFileType = sourcecode.c.h; path = AWSVariables.h; sourceTree = "<group>"; };
		49F61C6018EF445A0077E70F /* AWSVariables.m */ = {isa = PBXFileReference; fileEncoding = 4; lastKnownFileType = sourcecode.c.objc; path = AWSVariables.m; sourceTree = "<group>"; };
/* End PBXFileReference section */

/* Begin PBXFrameworksBuildPhase section */
		49BC2AF318EA07C40033C043 /* Frameworks */ = {
			isa = PBXFrameworksBuildPhase;
			buildActionMask = 2147483647;
			files = (
				49BC2AFC18EA07C50033C043 /* CoreGraphics.framework in Frameworks */,
				49BC2AFE18EA07C50033C043 /* UIKit.framework in Frameworks */,
				49BC2AFA18EA07C50033C043 /* Foundation.framework in Frameworks */,
			);
			runOnlyForDeploymentPostprocessing = 0;
		};
		49BC2B1718EA07C50033C043 /* Frameworks */ = {
			isa = PBXFrameworksBuildPhase;
			buildActionMask = 2147483647;
			files = (
				49BC2B1C18EA07C50033C043 /* XCTest.framework in Frameworks */,
				49BC2B1E18EA07C50033C043 /* UIKit.framework in Frameworks */,
				49BC2B1D18EA07C50033C043 /* Foundation.framework in Frameworks */,
			);
			runOnlyForDeploymentPostprocessing = 0;
		};
/* End PBXFrameworksBuildPhase section */

/* Begin PBXGroup section */
		49BC2AED18EA07C40033C043 = {
			isa = PBXGroup;
			children = (
				49BC2AFF18EA07C50033C043 /* RunTrack+ */,
				49BC2B2118EA07C50033C043 /* RunTrack+Tests */,
				49BC2AF818EA07C50033C043 /* Frameworks */,
				49BC2AF718EA07C50033C043 /* Products */,
			);
			sourceTree = "<group>";
		};
		49BC2AF718EA07C50033C043 /* Products */ = {
			isa = PBXGroup;
			children = (
				49BC2AF618EA07C40033C043 /* RunTrack+.app */,
				49BC2B1A18EA07C50033C043 /* RunTrack+Tests.xctest */,
			);
			name = Products;
			sourceTree = "<group>";
		};
		49BC2AF818EA07C50033C043 /* Frameworks */ = {
			isa = PBXGroup;
			children = (
				49BC2AF918EA07C50033C043 /* Foundation.framework */,
				49BC2AFB18EA07C50033C043 /* CoreGraphics.framework */,
				49BC2AFD18EA07C50033C043 /* UIKit.framework */,
				49BC2B1B18EA07C50033C043 /* XCTest.framework */,
			);
			name = Frameworks;
			sourceTree = "<group>";
		};
		49BC2AFF18EA07C50033C043 /* RunTrack+ */ = {
			isa = PBXGroup;
			children = (
				49BC2B0818EA07C50033C043 /* AWSAppDelegate.h */,
				49BC2B0918EA07C50033C043 /* AWSAppDelegate.m */,
				49BC2B0B18EA07C50033C043 /* Main.storyboard */,
				49E6A8B418F089C600F8DB92 /* AWSFreeWorkoutView.h */,
				49E6A8B518F089C600F8DB92 /* AWSFreeWorkoutView.m */,
				49E6A8B118F089BA00F8DB92 /* AWSWorkoutView.h */,
				49E6A8B218F089BA00F8DB92 /* AWSWorkoutView.m */,
				49E6A8AE18F089AC00F8DB92 /* AWSNewFreeWorkoutView.h */,
				49E6A8AF18F089AC00F8DB92 /* AWSNewFreeWorkoutView.m */,
				49E6A8AB18F0899F00F8DB92 /* AWSNewCalorieWorkoutView.h */,
				49E6A8AC18F0899F00F8DB92 /* AWSNewCalorieWorkoutView.m */,
				49E6A8A818F0898300F8DB92 /* AWSNewTimeWorkoutView.h */,
				49E6A8A918F0898300F8DB92 /* AWSNewTimeWorkoutView.m */,
				49E6A8A518F0897500F8DB92 /* AWSNewDistanceWorkoutView.h */,
				49E6A8A618F0897500F8DB92 /* AWSNewDistanceWorkoutView.m */,
				49E6A8A218F0896300F8DB92 /* AWSWeightSettingsView.h */,
				49E6A8A318F0896300F8DB92 /* AWSWeightSettingsView.m */,
				49E6A89F18F0885800F8DB92 /* AWSSettingsView.h */,
				49E6A8A018F0885800F8DB92 /* AWSSettingsView.m */,
				49F61C5F18EF445A0077E70F /* AWSVariables.h */,
				49F61C6018EF445A0077E70F /* AWSVariables.m */,
				49BC2B0E18EA07C50033C043 /* AWSMainViewController.h */,
				49BC2B0F18EA07C50033C043 /* AWSMainViewController.m */,
				49BC2B1118EA07C50033C043 /* AWSFlipsideViewController.h */,
				49BC2B1218EA07C50033C043 /* AWSFlipsideViewController.m */,
				49BC2B1418EA07C50033C043 /* Images.xcassets */,
				49BC2B0018EA07C50033C043 /* Supporting Files */,
			);
			path = "RunTrack+";
			sourceTree = "<group>";
		};
		49BC2B0018EA07C50033C043 /* Supporting Files */ = {
			isa = PBXGroup;
			children = (
				49BC2B0118EA07C50033C043 /* RunTrack+-Info.plist */,
				49BC2B0218EA07C50033C043 /* InfoPlist.strings */,
				49BC2B0518EA07C50033C043 /* main.m */,
				49BC2B0718EA07C50033C043 /* RunTrack+-Prefix.pch */,
			);
			name = "Supporting Files";
			sourceTree = "<group>";
		};
		49BC2B2118EA07C50033C043 /* RunTrack+Tests */ = {
			isa = PBXGroup;
			children = (
				49BC2B2718EA07C50033C043 /* RunTrack_Tests.m */,
				49BC2B2218EA07C50033C043 /* Supporting Files */,
			);
			path = "RunTrack+Tests";
			sourceTree = "<group>";
		};
		49BC2B2218EA07C50033C043 /* Supporting Files */ = {
			isa = PBXGroup;
			children = (
				49BC2B2318EA07C50033C043 /* RunTrack+Tests-Info.plist */,
				49BC2B2418EA07C50033C043 /* InfoPlist.strings */,
			);
			name = "Supporting Files";
			sourceTree = "<group>";
		};
/* End PBXGroup section */

/* Begin PBXNativeTarget section */
		49BC2AF518EA07C40033C043 /* RunTrack+ */ = {
			isa = PBXNativeTarget;
			buildConfigurationList = 49BC2B2B18EA07C50033C043 /* Build configuration list for PBXNativeTarget "RunTrack+" */;
			buildPhases = (
				49BC2AF218EA07C40033C043 /* Sources */,
				49BC2AF318EA07C40033C043 /* Frameworks */,
				49BC2AF418EA07C40033C043 /* Resources */,
			);
			buildRules = (
			);
			dependencies = (
			);
			name = "RunTrack+";
			productName = "RunTrack+";
			productReference = 49BC2AF618EA07C40033C043 /* RunTrack+.app */;
			productType = "com.apple.product-type.application";
		};
		49BC2B1918EA07C50033C043 /* RunTrack+Tests */ = {
			isa = PBXNativeTarget;
			buildConfigurationList = 49BC2B2E18EA07C50033C043 /* Build configuration list for PBXNativeTarget "RunTrack+Tests" */;
			buildPhases = (
				49BC2B1618EA07C50033C043 /* Sources */,
				49BC2B1718EA07C50033C043 /* Frameworks */,
				49BC2B1818EA07C50033C043 /* Resources */,
			);
			buildRules = (
			);
			dependencies = (
				49BC2B2018EA07C50033C043 /* PBXTargetDependency */,
			);
			name = "RunTrack+Tests";
			productName = "RunTrack+Tests";
			productReference = 49BC2B1A18EA07C50033C043 /* RunTrack+Tests.xctest */;
			productType = "com.apple.product-type.bundle.unit-test";
		};
/* End PBXNativeTarget section */

/* Begin PBXProject section */
		49BC2AEE18EA07C40033C043 /* Project object */ = {
			isa = PBXProject;
			attributes = {
				CLASSPREFIX = AWS;
				LastUpgradeCheck = 0510;
				ORGANIZATIONNAME = "Andrew Shackelford Media";
				TargetAttributes = {
					49BC2B1918EA07C50033C043 = {
						TestTargetID = 49BC2AF518EA07C40033C043;
					};
				};
			};
			buildConfigurationList = 49BC2AF118EA07C40033C043 /* Build configuration list for PBXProject "RunTrack+" */;
			compatibilityVersion = "Xcode 3.2";
			developmentRegion = English;
			hasScannedForEncodings = 0;
			knownRegions = (
				en,
				Base,
			);
			mainGroup = 49BC2AED18EA07C40033C043;
			productRefGroup = 49BC2AF718EA07C50033C043 /* Products */;
			projectDirPath = "";
			projectRoot = "";
			targets = (
				49BC2AF518EA07C40033C043 /* RunTrack+ */,
				49BC2B1918EA07C50033C043 /* RunTrack+Tests */,
			);
		};
/* End PBXProject section */

/* Begin PBXResourcesBuildPhase section */
		49BC2AF418EA07C40033C043 /* Resources */ = {
			isa = PBXResourcesBuildPhase;
			buildActionMask = 2147483647;
			files = (
				49BC2B1518EA07C50033C043 /* Images.xcassets in Resources */,
				49BC2B0418EA07C50033C043 /* InfoPlist.strings in Resources */,
				49BC2B0D18EA07C50033C043 /* Main.storyboard in Resources */,
			);
			runOnlyForDeploymentPostprocessing = 0;
		};
		49BC2B1818EA07C50033C043 /* Resources */ = {
			isa = PBXResourcesBuildPhase;
			buildActionMask = 2147483647;
			files = (
				49BC2B2618EA07C50033C043 /* InfoPlist.strings in Resources */,
			);
			runOnlyForDeploymentPostprocessing = 0;
		};
/* End PBXResourcesBuildPhase section */

/* Begin PBXSourcesBuildPhase section */
		49BC2AF218EA07C40033C043 /* Sources */ = {
			isa = PBXSourcesBuildPhase;
			buildActionMask = 2147483647;
			files = (
				49E6A8A418F0896300F8DB92 /* AWSWeightSettingsView.m in Sources */,
				49BC2B1318EA07C50033C043 /* AWSFlipsideViewController.m in Sources */,
				49E6A8A118F0885800F8DB92 /* AWSSettingsView.m in Sources */,
				49BC2B1018EA07C50033C043 /* AWSMainViewController.m in Sources */,
				49E6A8B318F089BA00F8DB92 /* AWSWorkoutView.m in Sources */,
				49E6A8A718F0897500F8DB92 /* AWSNewDistanceWorkoutView.m in Sources */,
				49E6A8AD18F0899F00F8DB92 /* AWSNewCalorieWorkoutView.m in Sources */,
				49BC2B0A18EA07C50033C043 /* AWSAppDelegate.m in Sources */,
				49F61C6118EF445A0077E70F /* AWSVariables.m in Sources */,
				49E6A8AA18F0898300F8DB92 /* AWSNewTimeWorkoutView.m in Sources */,
				49E6A8B018F089AC00F8DB92 /* AWSNewFreeWorkoutView.m in Sources */,
				49E6A8B618F089C600F8DB92 /* AWSFreeWorkoutView.m in Sources */,
				49BC2B0618EA07C50033C043 /* main.m in Sources */,
			);
			runOnlyForDeploymentPostprocessing = 0;
		};
		49BC2B1618EA07C50033C043 /* Sources */ = {
			isa = PBXSourcesBuildPhase;
			buildActionMask = 2147483647;
			files = (
				49BC2B2818EA07C50033C043 /* RunTrack_Tests.m in Sources */,
			);
			runOnlyForDeploymentPostprocessing = 0;
		};
/* End PBXSourcesBuildPhase section */

/* Begin PBXTargetDependency section */
		49BC2B2018EA07C50033C043 /* PBXTargetDependency */ = {
			isa = PBXTargetDependency;
			target = 49BC2AF518EA07C40033C043 /* RunTrack+ */;
			targetProxy = 49BC2B1F18EA07C50033C043 /* PBXContainerItemProxy */;
		};
/* End PBXTargetDependency section */

/* Begin PBXVariantGroup section */
		49BC2B0218EA07C50033C043 /* InfoPlist.strings */ = {
			isa = PBXVariantGroup;
			children = (
				49BC2B0318EA07C50033C043 /* en */,
			);
			name = InfoPlist.strings;
			sourceTree = "<group>";
		};
		49BC2B0B18EA07C50033C043 /* Main.storyboard */ = {
			isa = PBXVariantGroup;
			children = (
				49BC2B0C18EA07C50033C043 /* Base */,
			);
			name = Main.storyboard;
			sourceTree = "<group>";
		};
		49BC2B2418EA07C50033C043 /* InfoPlist.strings */ = {
			isa = PBXVariantGroup;
			children = (
				49BC2B2518EA07C50033C043 /* en */,
			);
			name = InfoPlist.strings;
			sourceTree = "<group>";
		};
/* End PBXVariantGroup section */

/* Begin XCBuildConfiguration section */
		49BC2B2918EA07C50033C043 /* Debug */ = {
			isa = XCBuildConfiguration;
			buildSettings = {
				ALWAYS_SEARCH_USER_PATHS = NO;
				CLANG_CXX_LANGUAGE_STANDARD = "gnu++0x";
				CLANG_CXX_LIBRARY = "libc++";
				CLANG_ENABLE_MODULES = YES;
				CLANG_ENABLE_OBJC_ARC = YES;
				CLANG_WARN_BOOL_CONVERSION = YES;
				CLANG_WARN_CONSTANT_CONVERSION = YES;
				CLANG_WARN_DIRECT_OBJC_ISA_USAGE = YES_ERROR;
				CLANG_WARN_EMPTY_BODY = YES;
				CLANG_WARN_ENUM_CONVERSION = YES;
				CLANG_WARN_INT_CONVERSION = YES;
				CLANG_WARN_OBJC_ROOT_CLASS = YES_ERROR;
				CLANG_WARN__DUPLICATE_METHOD_MATCH = YES;
				"CODE_SIGN_IDENTITY[sdk=iphoneos*]" = "iPhone Developer";
				COPY_PHASE_STRIP = NO;
				GCC_C_LANGUAGE_STANDARD = gnu99;
				GCC_DYNAMIC_NO_PIC = NO;
				GCC_OPTIMIZATION_LEVEL = 0;
				GCC_PREPROCESSOR_DEFINITIONS = (
					"DEBUG=1",
					"$(inherited)",
				);
				GCC_SYMBOLS_PRIVATE_EXTERN = NO;
				GCC_WARN_64_TO_32_BIT_CONVERSION = YES;
				GCC_WARN_ABOUT_RETURN_TYPE = YES_ERROR;
				GCC_WARN_UNDECLARED_SELECTOR = YES;
				GCC_WARN_UNINITIALIZED_AUTOS = YES;
				GCC_WARN_UNUSED_FUNCTION = YES;
				GCC_WARN_UNUSED_VARIABLE = YES;
				IPHONEOS_DEPLOYMENT_TARGET = 7.0;
				ONLY_ACTIVE_ARCH = YES;
				SDKROOT = iphoneos;
			};
			name = Debug;
		};
		49BC2B2A18EA07C50033C043 /* Release */ = {
			isa = XCBuildConfiguration;
			buildSettings = {
				ALWAYS_SEARCH_USER_PATHS = NO;
				CLANG_CXX_LANGUAGE_STANDARD = "gnu++0x";
				CLANG_CXX_LIBRARY = "libc++";
				CLANG_ENABLE_MODULES = YES;
				CLANG_ENABLE_OBJC_ARC = YES;
				CLANG_WARN_BOOL_CONVERSION = YES;
				CLANG_WARN_CONSTANT_CONVERSION = YES;
				CLANG_WARN_DIRECT_OBJC_ISA_USAGE = YES_ERROR;
				CLANG_WARN_EMPTY_BODY = YES;
				CLANG_WARN_ENUM_CONVERSION = YES;
				CLANG_WARN_INT_CONVERSION = YES;
				CLANG_WARN_OBJC_ROOT_CLASS = YES_ERROR;
				CLANG_WARN__DUPLICATE_METHOD_MATCH = YES;
				"CODE_SIGN_IDENTITY[sdk=iphoneos*]" = "iPhone Developer";
				COPY_PHASE_STRIP = YES;
				ENABLE_NS_ASSERTIONS = NO;
				GCC_C_LANGUAGE_STANDARD = gnu99;
				GCC_WARN_64_TO_32_BIT_CONVERSION = YES;
				GCC_WARN_ABOUT_RETURN_TYPE = YES_ERROR;
				GCC_WARN_UNDECLARED_SELECTOR = YES;
				GCC_WARN_UNINITIALIZED_AUTOS = YES;
				GCC_WARN_UNUSED_FUNCTION = YES;
				GCC_WARN_UNUSED_VARIABLE = YES;
				IPHONEOS_DEPLOYMENT_TARGET = 7.0;
				SDKROOT = iphoneos;
				VALIDATE_PRODUCT = YES;
			};
			name = Release;
		};
		49BC2B2C18EA07C50033C043 /* Debug */ = {
			isa = XCBuildConfiguration;
			buildSettings = {
				ASSETCATALOG_COMPILER_APPICON_NAME = AppIcon;
				ASSETCATALOG_COMPILER_LAUNCHIMAGE_NAME = LaunchImage;
				GCC_PRECOMPILE_PREFIX_HEADER = YES;
				GCC_PREFIX_HEADER = "RunTrack+/RunTrack+-Prefix.pch";
				INFOPLIST_FILE = "RunTrack+/RunTrack+-Info.plist";
				PRODUCT_NAME = "$(TARGET_NAME)";
				WRAPPER_EXTENSION = app;
			};
			name = Debug;
		};
		49BC2B2D18EA07C50033C043 /* Release */ = {
			isa = XCBuildConfiguration;
			buildSettings = {
				ASSETCATALOG_COMPILER_APPICON_NAME = AppIcon;
				ASSETCATALOG_COMPILER_LAUNCHIMAGE_NAME = LaunchImage;
				GCC_PRECOMPILE_PREFIX_HEADER = YES;
				GCC_PREFIX_HEADER = "RunTrack+/RunTrack+-Prefix.pch";
				INFOPLIST_FILE = "RunTrack+/RunTrack+-Info.plist";
				PRODUCT_NAME = "$(TARGET_NAME)";
				WRAPPER_EXTENSION = app;
			};
			name = Release;
		};
		49BC2B2F18EA07C50033C043 /* Debug */ = {
			isa = XCBuildConfiguration;
			buildSettings = {
				BUNDLE_LOADER = "$(BUILT_PRODUCTS_DIR)/RunTrack+.app/RunTrack+";
				FRAMEWORK_SEARCH_PATHS = (
					"$(SDKROOT)/Developer/Library/Frameworks",
					"$(inherited)",
					"$(DEVELOPER_FRAMEWORKS_DIR)",
				);
				GCC_PRECOMPILE_PREFIX_HEADER = YES;
				GCC_PREFIX_HEADER = "RunTrack+/RunTrack+-Prefix.pch";
				GCC_PREPROCESSOR_DEFINITIONS = (
					"DEBUG=1",
					"$(inherited)",
				);
				INFOPLIST_FILE = "RunTrack+Tests/RunTrack+Tests-Info.plist";
				PRODUCT_NAME = "$(TARGET_NAME)";
				TEST_HOST = "$(BUNDLE_LOADER)";
				WRAPPER_EXTENSION = xctest;
			};
			name = Debug;
		};
		49BC2B3018EA07C50033C043 /* Release */ = {
			isa = XCBuildConfiguration;
			buildSettings = {
				BUNDLE_LOADER = "$(BUILT_PRODUCTS_DIR)/RunTrack+.app/RunTrack+";
				FRAMEWORK_SEARCH_PATHS = (
					"$(SDKROOT)/Developer/Library/Frameworks",
					"$(inherited)",
					"$(DEVELOPER_FRAMEWORKS_DIR)",
				);
				GCC_PRECOMPILE_PREFIX_HEADER = YES;
				GCC_PREFIX_HEADER = "RunTrack+/RunTrack+-Prefix.pch";
				INFOPLIST_FILE = "RunTrack+Tests/RunTrack+Tests-Info.plist";
				PRODUCT_NAME = "$(TARGET_NAME)";
				TEST_HOST = "$(BUNDLE_LOADER)";
				WRAPPER_EXTENSION = xctest;
			};
			name = Release;
		};
/* End XCBuildConfiguration section */

/* Begin XCConfigurationList section */
		49BC2AF118EA07C40033C043 /* Build configuration list for PBXProject "RunTrack+" */ = {
			isa = XCConfigurationList;
			buildConfigurations = (
				49BC2B2918EA07C50033C043 /* Debug */,
				49BC2B2A18EA07C50033C043 /* Release */,
			);
			defaultConfigurationIsVisible = 0;
			defaultConfigurationName = Release;
		};
		49BC2B2B18EA07C50033C043 /* Build configuration list for PBXNativeTarget "RunTrack+" */ = {
			isa = XCConfigurationList;
			buildConfigurations = (
				49BC2B2C18EA07C50033C043 /* Debug */,
				49BC2B2D18EA07C50033C043 /* Release */,
			);
			defaultConfigurationIsVisible = 0;
			defaultConfigurationName = Release;
		};
		49BC2B2E18EA07C50033C043 /* Build configuration list for PBXNativeTarget "RunTrack+Tests" */ = {
			isa = XCConfigurationList;
			buildConfigurations = (
				49BC2B2F18EA07C50033C043 /* Debug */,
				49BC2B3018EA07C50033C043 /* Release */,
			);
			defaultConfigurationIsVisible = 0;
			defaultConfigurationName = Release;
		};
/* End XCConfigurationList section */
	};
	rootObject = 49BC2AEE18EA07C40033C043 /* Project object */;
}
